
Microsoft Visual Studio Solution File, Format Version 12.00
# Visual Studio Version 16
VisualStudioVersion = 16.0.31410.357
MinimumVisualStudioVersion = 10.0.40219.1
Project("{9A19103F-16F7-4668-BE54-9A1E7A4F7556}") = "BlogApi", "BlogApi.csproj", "{EC548976-E3C7-4762-8B22-D7650CC51E5B}"
EndProject
Global
	GlobalSection(SolutionConfigurationPlatforms) = preSolution
		Debug|Any CPU = Debug|Any CPU
		Release|Any CPU = Release|Any CPU
	EndGlobalSection
	GlobalSection(ProjectConfigurationPlatforms) = postSolution
		{EC548976-E3C7-4762-8B22-D7650CC51E5B}.Debug|Any CPU.ActiveCfg = Debug|Any CPU
		{EC548976-E3C7-4762-8B22-D7650CC51E5B}.Debug|Any CPU.Build.0 = Debug|Any CPU
		{EC548976-E3C7-4762-8B22-D7650CC51E5B}.Release|Any CPU.ActiveCfg = Release|Any CPU
		{EC548976-E3C7-4762-8B22-D7650CC51E5B}.Release|Any CPU.Build.0 = Release|Any CPU
	EndGlobalSection
	GlobalSection(SolutionProperties) = preSolution
		HideSolutionNode = FALSE
	EndGlobalSection
	GlobalSection(ExtensibilityGlobals) = postSolution
		SolutionGuid = {14CCF5D8-4759-4ACF-93F4-AFE0B7366346}
	EndGlobalSection
EndGlobal
